
Microsoft Visual Studio Solution File, Format Version 12.00
# Visual Studio Version 18
VisualStudioVersion = 18.3.11512.155
MinimumVisualStudioVersion = 10.0.40219.1
Project("{9A19103F-16F7-4668-BE54-9A1E7A4F7556}") = "Demo.Model", "Demo.Model\Demo.Model.csproj", "{358401AF-7077-46D2-A22B-41BC83192C73}"
EndProject
Project("{9A19103F-16F7-4668-BE54-9A1E7A4F7556}") = "Demo.Api", "Demo.Api\Demo.Api.csproj", "{94A884DB-598D-4C71-A1AC-6BD65B21F005}"
EndProject
Project("{9A19103F-16F7-4668-BE54-9A1E7A4F7556}") = "Demo.Model.UnitTests", "Demo.Model.UnitTests\Demo.Model.UnitTests.csproj", "{FD287058-2B55-47FD-9452-AAB58FE9F802}"
EndProject
Project("{2150E333-8FDC-42A3-9474-1A3956D46DE8}") = "Tests", "Tests", "{5FC9E526-1367-485B-89A1-20B22A2F7BE7}"
EndProject
Project("{9A19103F-16F7-4668-BE54-9A1E7A4F7556}") = "Demo.Api.IntegrationTests", "Demo.Api.IntegrationTests\Demo.Api.IntegrationTests.csproj", "{964FF766-9046-470C-8148-3B0340D01EB9}"
EndProject
Project("{9A19103F-16F7-4668-BE54-9A1E7A4F7556}") = "Demo.Infrastructure", "Demo.Infrastructure\Demo.Infrastructure.csproj", "{D9D35AE2-366B-4145-9D26-6F0B364817C4}"
EndProject
Project("{FAE04EC0-301F-11D3-BF4B-00C04F79EFBC}") = "Demo.DomainServices", "Demo.DomainServices\Demo.DomainServices.csproj", "{5F612AA8-0D38-41EB-A747-932E82744149}"
EndProject
Project("{FAE04EC0-301F-11D3-BF4B-00C04F79EFBC}") = "Demo.ApplicationServices", "Demo.ApplicationServices\Demo.ApplicationServices.csproj", "{92F717DE-EF8B-477F-85CA-DD451D182704}"
EndProject
Project("{FAE04EC0-301F-11D3-BF4B-00C04F79EFBC}") = "Demo.Utils", "Demo.Utils\Demo.Utils.csproj", "{BC894D9F-39AB-4532-8711-39265EC8CD82}"
EndProject
Project("{2150E333-8FDC-42A3-9474-1A3956D46DE8}") = "Source", "Source", "{950D7AF6-7E66-4FE9-93F3-5CCC97D70C97}"
EndProject
Project("{2150E333-8FDC-42A3-9474-1A3956D46DE8}") = "Utils", "Utils", "{79717DD1-6E51-4DD1-B3D9-7DFD7DB6855C}"
EndProject
Project("{FAE04EC0-301F-11D3-BF4B-00C04F79EFBC}") = "Demo.Populator", "Demo.Populator\Demo.Populator.csproj", "{FDF46440-2B37-4576-B311-AB1F1826279F}"
EndProject
Global
	GlobalSection(SolutionConfigurationPlatforms) = preSolution
		Debug|Any CPU = Debug|Any CPU
		Release|Any CPU = Release|Any CPU
	EndGlobalSection
	GlobalSection(ProjectConfigurationPlatforms) = postSolution
		{358401AF-7077-46D2-A22B-41BC83192C73}.Debug|Any CPU.ActiveCfg = Debug|Any CPU
		{358401AF-7077-46D2-A22B-41BC83192C73}.Debug|Any CPU.Build.0 = Debug|Any CPU
		{358401AF-7077-46D2-A22B-41BC83192C73}.Release|Any CPU.ActiveCfg = Release|Any CPU
		{358401AF-7077-46D2-A22B-41BC83192C73}.Release|Any CPU.Build.0 = Release|Any CPU
		{94A884DB-598D-4C71-A1AC-6BD65B21F005}.Debug|Any CPU.ActiveCfg = Debug|Any CPU
		{94A884DB-598D-4C71-A1AC-6BD65B21F005}.Debug|Any CPU.Build.0 = Debug|Any CPU
		{94A884DB-598D-4C71-A1AC-6BD65B21F005}.Release|Any CPU.ActiveCfg = Release|Any CPU
		{94A884DB-598D-4C71-A1AC-6BD65B21F005}.Release|Any CPU.Build.0 = Release|Any CPU
		{FD287058-2B55-47FD-9452-AAB58FE9F802}.Debug|Any CPU.ActiveCfg = Debug|Any CPU
		{FD287058-2B55-47FD-9452-AAB58FE9F802}.Debug|Any CPU.Build.0 = Debug|Any CPU
		{FD287058-2B55-47FD-9452-AAB58FE9F802}.Release|Any CPU.ActiveCfg = Release|Any CPU
		{FD287058-2B55-47FD-9452-AAB58FE9F802}.Release|Any CPU.Build.0 = Release|Any CPU
		{964FF766-9046-470C-8148-3B0340D01EB9}.Debug|Any CPU.ActiveCfg = Debug|Any CPU
		{964FF766-9046-470C-8148-3B0340D01EB9}.Debug|Any CPU.Build.0 = Debug|Any CPU
		{964FF766-9046-470C-8148-3B0340D01EB9}.Release|Any CPU.ActiveCfg = Release|Any CPU
		{964FF766-9046-470C-8148-3B0340D01EB9}.Release|Any CPU.Build.0 = Release|Any CPU
		{D9D35AE2-366B-4145-9D26-6F0B364817C4}.Debug|Any CPU.ActiveCfg = Debug|Any CPU
		{D9D35AE2-366B-4145-9D26-6F0B364817C4}.Debug|Any CPU.Build.0 = Debug|Any CPU
		{D9D35AE2-366B-4145-9D26-6F0B364817C4}.Release|Any CPU.ActiveCfg = Release|Any CPU
		{D9D35AE2-366B-4145-9D26-6F0B364817C4}.Release|Any CPU.Build.0 = Release|Any CPU
		{5F612AA8-0D38-41EB-A747-932E82744149}.Debug|Any CPU.ActiveCfg = Debug|Any CPU
		{5F612AA8-0D38-41EB-A747-932E82744149}.Debug|Any CPU.Build.0 = Debug|Any CPU
		{5F612AA8-0D38-41EB-A747-932E82744149}.Release|Any CPU.ActiveCfg = Release|Any CPU
		{5F612AA8-0D38-41EB-A747-932E82744149}.Release|Any CPU.Build.0 = Release|Any CPU
		{92F717DE-EF8B-477F-85CA-DD451D182704}.Debug|Any CPU.ActiveCfg = Debug|Any CPU
		{92F717DE-EF8B-477F-85CA-DD451D182704}.Debug|Any CPU.Build.0 = Debug|Any CPU
		{92F717DE-EF8B-477F-85CA-DD451D182704}.Release|Any CPU.ActiveCfg = Release|Any CPU
		{92F717DE-EF8B-477F-85CA-DD451D182704}.Release|Any CPU.Build.0 = Release|Any CPU
		{BC894D9F-39AB-4532-8711-39265EC8CD82}.Debug|Any CPU.ActiveCfg = Debug|Any CPU
		{BC894D9F-39AB-4532-8711-39265EC8CD82}.Debug|Any CPU.Build.0 = Debug|Any CPU
		{BC894D9F-39AB-4532-8711-39265EC8CD82}.Release|Any CPU.ActiveCfg = Release|Any CPU
		{BC894D9F-39AB-4532-8711-39265EC8CD82}.Release|Any CPU.Build.0 = Release|Any CPU
		{FDF46440-2B37-4576-B311-AB1F1826279F}.Debug|Any CPU.ActiveCfg = Debug|Any CPU
		{FDF46440-2B37-4576-B311-AB1F1826279F}.Debug|Any CPU.Build.0 = Debug|Any CPU
		{FDF46440-2B37-4576-B311-AB1F1826279F}.Release|Any CPU.ActiveCfg = Release|Any CPU
		{FDF46440-2B37-4576-B311-AB1F1826279F}.Release|Any CPU.Build.0 = Release|Any CPU
	EndGlobalSection
	GlobalSection(SolutionProperties) = preSolution
		HideSolutionNode = FALSE
	EndGlobalSection
	GlobalSection(NestedProjects) = preSolution
		{358401AF-7077-46D2-A22B-41BC83192C73} = {950D7AF6-7E66-4FE9-93F3-5CCC97D70C97}
		{94A884DB-598D-4C71-A1AC-6BD65B21F005} = {950D7AF6-7E66-4FE9-93F3-5CCC97D70C97}
		{FD287058-2B55-47FD-9452-AAB58FE9F802} = {5FC9E526-1367-485B-89A1-20B22A2F7BE7}
		{964FF766-9046-470C-8148-3B0340D01EB9} = {5FC9E526-1367-485B-89A1-20B22A2F7BE7}
		{D9D35AE2-366B-4145-9D26-6F0B364817C4} = {950D7AF6-7E66-4FE9-93F3-5CCC97D70C97}
		{5F612AA8-0D38-41EB-A747-932E82744149} = {950D7AF6-7E66-4FE9-93F3-5CCC97D70C97}
		{92F717DE-EF8B-477F-85CA-DD451D182704} = {950D7AF6-7E66-4FE9-93F3-5CCC97D70C97}
		{BC894D9F-39AB-4532-8711-39265EC8CD82} = {950D7AF6-7E66-4FE9-93F3-5CCC97D70C97}
		{FDF46440-2B37-4576-B311-AB1F1826279F} = {79717DD1-6E51-4DD1-B3D9-7DFD7DB6855C}
	EndGlobalSection
	GlobalSection(ExtensibilityGlobals) = postSolution
		SolutionGuid = {B023F698-AA2F-4DB4-B547-1BED18957924}
	EndGlobalSection
EndGlobal
